// !$*UTF8*$!
{
	archiveVersion = 1;
	classes = {
	};
	objectVersion = 56;
	objects = {

/* Begin PBXBuildFile section */
		051225B82B2EF80600FB1DEF /* HiAlert.swift in Sources */ = {isa = PBXBuildFile; fileRef = 051225B72B2EF80600FB1DEF /* HiAlert.swift */; };
		0540F5A02B2C034100E9A1D5 /* RequestProcessWithVLineView.swift in Sources */ = {isa = PBXBuildFile; fileRef = 0540F59F2B2C034100E9A1D5 /* RequestProcessWithVLineView.swift */; };
		0540F5A22B2C0D6000E9A1D5 /* RequestStatusView.swift in Sources */ = {isa = PBXBuildFile; fileRef = 0540F5A12B2C0D6000E9A1D5 /* RequestStatusView.swift */; };
		0540F5A52B2C425100E9A1D5 /* RequestStatusTimeLineScreen.swift in Sources */ = {isa = PBXBuildFile; fileRef = 0540F5A42B2C425100E9A1D5 /* RequestStatusTimeLineScreen.swift */; };
		0597324F2B2BF95900F79E25 /* RequestDetailScreen.swift in Sources */ = {isa = PBXBuildFile; fileRef = 0597324E2B2BF95900F79E25 /* RequestDetailScreen.swift */; };
		059732532B2BFE1E00F79E25 /* BlockTitle.swift in Sources */ = {isa = PBXBuildFile; fileRef = 059732522B2BFE1E00F79E25 /* BlockTitle.swift */; };
		05B779DF2B2956EF00D4C8EB /* SwiftUISupportCenterApp.swift in Sources */ = {isa = PBXBuildFile; fileRef = 05B779DE2B2956EF00D4C8EB /* SwiftUISupportCenterApp.swift */; };
		05B779E32B2956F100D4C8EB /* Assets.xcassets in Resources */ = {isa = PBXBuildFile; fileRef = 05B779E22B2956F100D4C8EB /* Assets.xcassets */; };
		05B779E62B2956F100D4C8EB /* Preview Assets.xcassets in Resources */ = {isa = PBXBuildFile; fileRef = 05B779E52B2956F100D4C8EB /* Preview Assets.xcassets */; };
		05B779EE2B29575100D4C8EB /* AppDelegate.swift in Sources */ = {isa = PBXBuildFile; fileRef = 05B779EC2B29575100D4C8EB /* AppDelegate.swift */; };
		05B779EF2B29575100D4C8EB /* SceneDelegate.swift in Sources */ = {isa = PBXBuildFile; fileRef = 05B779ED2B29575100D4C8EB /* SceneDelegate.swift */; };
		05B779F62B29590200D4C8EB /* HiAppExtension.swift in Sources */ = {isa = PBXBuildFile; fileRef = 05B779F52B29590200D4C8EB /* HiAppExtension.swift */; };
		05B779FA2B2959E500D4C8EB /* HiColor.swift in Sources */ = {isa = PBXBuildFile; fileRef = 05B779F92B2959E500D4C8EB /* HiColor.swift */; };
		05B779FC2B295BEB00D4C8EB /* SupportCenterScreen.swift in Sources */ = {isa = PBXBuildFile; fileRef = 05B779FB2B295BEB00D4C8EB /* SupportCenterScreen.swift */; };
		05B77A162B295D3C00D4C8EB /* HiBottomSheet.swift in Sources */ = {isa = PBXBuildFile; fileRef = 05B77A0F2B295D3C00D4C8EB /* HiBottomSheet.swift */; };
		05B77A172B295D3C00D4C8EB /* HiNavigationLink.swift in Sources */ = {isa = PBXBuildFile; fileRef = 05B77A112B295D3C00D4C8EB /* HiNavigationLink.swift */; };
		05B77A182B295D3C00D4C8EB /* HiNavBarPreferenceKeys.swift in Sources */ = {isa = PBXBuildFile; fileRef = 05B77A122B295D3C00D4C8EB /* HiNavBarPreferenceKeys.swift */; };
		05B77A192B295D3C00D4C8EB /* HiNavigationView.swift in Sources */ = {isa = PBXBuildFile; fileRef = 05B77A132B295D3C00D4C8EB /* HiNavigationView.swift */; };
		05B77A1B2B295D3C00D4C8EB /* HiImage.swift in Sources */ = {isa = PBXBuildFile; fileRef = 05B77A152B295D3C00D4C8EB /* HiImage.swift */; };
		05B77A1E2B29628400D4C8EB /* CreateSupportRequestView.swift in Sources */ = {isa = PBXBuildFile; fileRef = 05B77A1D2B29628400D4C8EB /* CreateSupportRequestView.swift */; };
		05B77A202B296B4100D4C8EB /* SupportRequestList.swift in Sources */ = {isa = PBXBuildFile; fileRef = 05B77A1F2B296B4100D4C8EB /* SupportRequestList.swift */; };
		05B77A222B296BF700D4C8EB /* SupportCenterViewModel.swift in Sources */ = {isa = PBXBuildFile; fileRef = 05B77A212B296BF700D4C8EB /* SupportCenterViewModel.swift */; };
		05B77A252B296FC600D4C8EB /* PreviewProvider.swift in Sources */ = {isa = PBXBuildFile; fileRef = 05B77A242B296FC600D4C8EB /* PreviewProvider.swift */; };
		05B77A282B29922D00D4C8EB /* SampleData.swift in Sources */ = {isa = PBXBuildFile; fileRef = 05B77A272B29922D00D4C8EB /* SampleData.swift */; };
		05B77A2A2B29926500D4C8EB /* SupportCenterManager.swift in Sources */ = {isa = PBXBuildFile; fileRef = 05B77A292B29926500D4C8EB /* SupportCenterManager.swift */; };
		05B77A2F2B29958D00D4C8EB /* SupportRequestListView.swift in Sources */ = {isa = PBXBuildFile; fileRef = 05B77A2E2B29958D00D4C8EB /* SupportRequestListView.swift */; };
		05B77A322B29AD9300D4C8EB /* BlockNavHeader.swift in Sources */ = {isa = PBXBuildFile; fileRef = 05B77A312B29AD9300D4C8EB /* BlockNavHeader.swift */; };
		05B77A342B29B1CB00D4C8EB /* HiDividerLine.swift in Sources */ = {isa = PBXBuildFile; fileRef = 05B77A332B29B1CB00D4C8EB /* HiDividerLine.swift */; };
		05B77A362B29B20100D4C8EB /* SupportRequestItemView.swift in Sources */ = {isa = PBXBuildFile; fileRef = 05B77A352B29B20100D4C8EB /* SupportRequestItemView.swift */; };
		05B77A392B29B7E300D4C8EB /* SwiftyJSON in Frameworks */ = {isa = PBXBuildFile; productRef = 05B77A382B29B7E300D4C8EB /* SwiftyJSON */; };
		05B77A3C2B29BD2300D4C8EB /* SwiftUIBackports in Frameworks */ = {isa = PBXBuildFile; productRef = 05B77A3B2B29BD2300D4C8EB /* SwiftUIBackports */; };
		05B77A3E2B29F2B300D4C8EB /* SupportExtensionsView.swift in Sources */ = {isa = PBXBuildFile; fileRef = 05B77A3D2B29F2B300D4C8EB /* SupportExtensionsView.swift */; };
		05B77A402B29F3E300D4C8EB /* SupportRequestCategory.swift in Sources */ = {isa = PBXBuildFile; fileRef = 05B77A3F2B29F3E300D4C8EB /* SupportRequestCategory.swift */; };
		05B77A422B29F42700D4C8EB /* SupportExtension.swift in Sources */ = {isa = PBXBuildFile; fileRef = 05B77A412B29F42700D4C8EB /* SupportExtension.swift */; };
		05B77A4B2B2A9E5800D4C8EB /* Kingfisher in Frameworks */ = {isa = PBXBuildFile; productRef = 05B77A4A2B2A9E5800D4C8EB /* Kingfisher */; };
		05B77A4D2B2AA4A500D4C8EB /* SupportQandAView.swift in Sources */ = {isa = PBXBuildFile; fileRef = 05B77A4C2B2AA4A500D4C8EB /* SupportQandAView.swift */; };
		05B77A4F2B2AA5AC00D4C8EB /* SupportQandAModel.swift in Sources */ = {isa = PBXBuildFile; fileRef = 05B77A4E2B2AA5AC00D4C8EB /* SupportQandAModel.swift */; };
		05B77A532B2ABCC600D4C8EB /* SupportQandAItemView.swift in Sources */ = {isa = PBXBuildFile; fileRef = 05B77A522B2ABCC600D4C8EB /* SupportQandAItemView.swift */; };
		05B77A552B2AC1F700D4C8EB /* TextView.swift in Sources */ = {isa = PBXBuildFile; fileRef = 05B77A542B2AC1F700D4C8EB /* TextView.swift */; };
		05B77A572B2ADA5900D4C8EB /* QAndASupportItemViewModel.swift in Sources */ = {isa = PBXBuildFile; fileRef = 05B77A562B2ADA5900D4C8EB /* QAndASupportItemViewModel.swift */; };
		05B77A5D2B2AFD9200D4C8EB /* CreateSupportRequestScreen.swift in Sources */ = {isa = PBXBuildFile; fileRef = 05B77A592B2AFD9200D4C8EB /* CreateSupportRequestScreen.swift */; };
		05B77A5E2B2AFD9200D4C8EB /* BlockWithActionView.swift in Sources */ = {isa = PBXBuildFile; fileRef = 05B77A5B2B2AFD9200D4C8EB /* BlockWithActionView.swift */; };
		05B77A5F2B2AFD9200D4C8EB /* SupportRequestBottomSheetContent.swift in Sources */ = {isa = PBXBuildFile; fileRef = 05B77A5C2B2AFD9200D4C8EB /* SupportRequestBottomSheetContent.swift */; };
		05B77A622B2AFF3D00D4C8EB /* CreateSupportRequestViewModel.swift in Sources */ = {isa = PBXBuildFile; fileRef = 05B77A612B2AFF3D00D4C8EB /* CreateSupportRequestViewModel.swift */; };
		05B77A642B2AFFC600D4C8EB /* HiPrimaryButton.swift in Sources */ = {isa = PBXBuildFile; fileRef = 05B77A632B2AFFC600D4C8EB /* HiPrimaryButton.swift */; };
		05B77A662B2B003600D4C8EB /* CustomTextView.swift in Sources */ = {isa = PBXBuildFile; fileRef = 05B77A652B2B003500D4C8EB /* CustomTextView.swift */; };
/* End PBXBuildFile section */

/* Begin PBXFileReference section */
		051225B72B2EF80600FB1DEF /* HiAlert.swift */ = {isa = PBXFileReference; lastKnownFileType = sourcecode.swift; path = HiAlert.swift; sourceTree = "<group>"; };
		0540F59F2B2C034100E9A1D5 /* RequestProcessWithVLineView.swift */ = {isa = PBXFileReference; lastKnownFileType = sourcecode.swift; path = RequestProcessWithVLineView.swift; sourceTree = "<group>"; };
		0540F5A12B2C0D6000E9A1D5 /* RequestStatusView.swift */ = {isa = PBXFileReference; lastKnownFileType = sourcecode.swift; path = RequestStatusView.swift; sourceTree = "<group>"; };
		0540F5A42B2C425100E9A1D5 /* RequestStatusTimeLineScreen.swift */ = {isa = PBXFileReference; lastKnownFileType = sourcecode.swift; path = RequestStatusTimeLineScreen.swift; sourceTree = "<group>"; };
		0597324E2B2BF95900F79E25 /* RequestDetailScreen.swift */ = {isa = PBXFileReference; lastKnownFileType = sourcecode.swift; path = RequestDetailScreen.swift; sourceTree = "<group>"; };
		059732522B2BFE1E00F79E25 /* BlockTitle.swift */ = {isa = PBXFileReference; lastKnownFileType = sourcecode.swift; path = BlockTitle.swift; sourceTree = "<group>"; };
		05B779DB2B2956EF00D4C8EB /* SwiftUISupportCenter.app */ = {isa = PBXFileReference; explicitFileType = wrapper.application; includeInIndex = 0; path = SwiftUISupportCenter.app; sourceTree = BUILT_PRODUCTS_DIR; };
		05B779DE2B2956EF00D4C8EB /* SwiftUISupportCenterApp.swift */ = {isa = PBXFileReference; lastKnownFileType = sourcecode.swift; path = SwiftUISupportCenterApp.swift; sourceTree = "<group>"; };
		05B779E22B2956F100D4C8EB /* Assets.xcassets */ = {isa = PBXFileReference; lastKnownFileType = folder.assetcatalog; path = Assets.xcassets; sourceTree = "<group>"; };
		05B779E52B2956F100D4C8EB /* Preview Assets.xcassets */ = {isa = PBXFileReference; lastKnownFileType = folder.assetcatalog; path = "Preview Assets.xcassets"; sourceTree = "<group>"; };
		05B779EC2B29575100D4C8EB /* AppDelegate.swift */ = {isa = PBXFileReference; fileEncoding = 4; lastKnownFileType = sourcecode.swift; path = AppDelegate.swift; sourceTree = "<group>"; };
		05B779ED2B29575100D4C8EB /* SceneDelegate.swift */ = {isa = PBXFileReference; fileEncoding = 4; lastKnownFileType = sourcecode.swift; path = SceneDelegate.swift; sourceTree = "<group>"; };
		05B779F22B2957B800D4C8EB /* Info.plist */ = {isa = PBXFileReference; lastKnownFileType = text.plist.xml; path = Info.plist; sourceTree = "<group>"; };
		05B779F52B29590200D4C8EB /* HiAppExtension.swift */ = {isa = PBXFileReference; fileEncoding = 4; lastKnownFileType = sourcecode.swift; path = HiAppExtension.swift; sourceTree = "<group>"; };
		05B779F92B2959E500D4C8EB /* HiColor.swift */ = {isa = PBXFileReference; lastKnownFileType = sourcecode.swift; path = HiColor.swift; sourceTree = "<group>"; };
		05B779FB2B295BEB00D4C8EB /* SupportCenterScreen.swift */ = {isa = PBXFileReference; lastKnownFileType = sourcecode.swift; path = SupportCenterScreen.swift; sourceTree = "<group>"; };
		05B77A0F2B295D3C00D4C8EB /* HiBottomSheet.swift */ = {isa = PBXFileReference; fileEncoding = 4; lastKnownFileType = sourcecode.swift; path = HiBottomSheet.swift; sourceTree = "<group>"; };
		05B77A112B295D3C00D4C8EB /* HiNavigationLink.swift */ = {isa = PBXFileReference; fileEncoding = 4; lastKnownFileType = sourcecode.swift; path = HiNavigationLink.swift; sourceTree = "<group>"; };
		05B77A122B295D3C00D4C8EB /* HiNavBarPreferenceKeys.swift */ = {isa = PBXFileReference; fileEncoding = 4; lastKnownFileType = sourcecode.swift; path = HiNavBarPreferenceKeys.swift; sourceTree = "<group>"; };
		05B77A132B295D3C00D4C8EB /* HiNavigationView.swift */ = {isa = PBXFileReference; fileEncoding = 4; lastKnownFileType = sourcecode.swift; path = HiNavigationView.swift; sourceTree = "<group>"; };
		05B77A152B295D3C00D4C8EB /* HiImage.swift */ = {isa = PBXFileReference; fileEncoding = 4; lastKnownFileType = sourcecode.swift; path = HiImage.swift; sourceTree = "<group>"; };
		05B77A1D2B29628400D4C8EB /* CreateSupportRequestView.swift */ = {isa = PBXFileReference; lastKnownFileType = sourcecode.swift; path = CreateSupportRequestView.swift; sourceTree = "<group>"; };
		05B77A1F2B296B4100D4C8EB /* SupportRequestList.swift */ = {isa = PBXFileReference; lastKnownFileType = sourcecode.swift; path = SupportRequestList.swift; sourceTree = "<group>"; };
		05B77A212B296BF700D4C8EB /* SupportCenterViewModel.swift */ = {isa = PBXFileReference; lastKnownFileType = sourcecode.swift; path = SupportCenterViewModel.swift; sourceTree = "<group>"; };
		05B77A242B296FC600D4C8EB /* PreviewProvider.swift */ = {isa = PBXFileReference; lastKnownFileType = sourcecode.swift; path = PreviewProvider.swift; sourceTree = "<group>"; };
		05B77A272B29922D00D4C8EB /* SampleData.swift */ = {isa = PBXFileReference; lastKnownFileType = sourcecode.swift; path = SampleData.swift; sourceTree = "<group>"; };
		05B77A292B29926500D4C8EB /* SupportCenterManager.swift */ = {isa = PBXFileReference; lastKnownFileType = sourcecode.swift; path = SupportCenterManager.swift; sourceTree = "<group>"; };
		05B77A2E2B29958D00D4C8EB /* SupportRequestListView.swift */ = {isa = PBXFileReference; lastKnownFileType = sourcecode.swift; path = SupportRequestListView.swift; sourceTree = "<group>"; };
		05B77A312B29AD9300D4C8EB /* BlockNavHeader.swift */ = {isa = PBXFileReference; lastKnownFileType = sourcecode.swift; path = BlockNavHeader.swift; sourceTree = "<group>"; };
		05B77A332B29B1CB00D4C8EB /* HiDividerLine.swift */ = {isa = PBXFileReference; fileEncoding = 4; lastKnownFileType = sourcecode.swift; path = HiDividerLine.swift; sourceTree = "<group>"; };
		05B77A352B29B20100D4C8EB /* SupportRequestItemView.swift */ = {isa = PBXFileReference; lastKnownFileType = sourcecode.swift; path = SupportRequestItemView.swift; sourceTree = "<group>"; };
		05B77A3D2B29F2B300D4C8EB /* SupportExtensionsView.swift */ = {isa = PBXFileReference; lastKnownFileType = sourcecode.swift; path = SupportExtensionsView.swift; sourceTree = "<group>"; };
		05B77A3F2B29F3E300D4C8EB /* SupportRequestCategory.swift */ = {isa = PBXFileReference; lastKnownFileType = sourcecode.swift; path = SupportRequestCategory.swift; sourceTree = "<group>"; };
		05B77A412B29F42700D4C8EB /* SupportExtension.swift */ = {isa = PBXFileReference; lastKnownFileType = sourcecode.swift; path = SupportExtension.swift; sourceTree = "<group>"; };
		05B77A4C2B2AA4A500D4C8EB /* SupportQandAView.swift */ = {isa = PBXFileReference; lastKnownFileType = sourcecode.swift; path = SupportQandAView.swift; sourceTree = "<group>"; };
		05B77A4E2B2AA5AC00D4C8EB /* SupportQandAModel.swift */ = {isa = PBXFileReference; lastKnownFileType = sourcecode.swift; path = SupportQandAModel.swift; sourceTree = "<group>"; };
		05B77A522B2ABCC600D4C8EB /* SupportQandAItemView.swift */ = {isa = PBXFileReference; lastKnownFileType = sourcecode.swift; path = SupportQandAItemView.swift; sourceTree = "<group>"; };
		05B77A542B2AC1F700D4C8EB /* TextView.swift */ = {isa = PBXFileReference; lastKnownFileType = sourcecode.swift; path = TextView.swift; sourceTree = "<group>"; };
		05B77A562B2ADA5900D4C8EB /* QAndASupportItemViewModel.swift */ = {isa = PBXFileReference; fileEncoding = 4; lastKnownFileType = sourcecode.swift; path = QAndASupportItemViewModel.swift; sourceTree = "<group>"; };
		05B77A592B2AFD9200D4C8EB /* CreateSupportRequestScreen.swift */ = {isa = PBXFileReference; fileEncoding = 4; lastKnownFileType = sourcecode.swift; path = CreateSupportRequestScreen.swift; sourceTree = "<group>"; };
		05B77A5B2B2AFD9200D4C8EB /* BlockWithActionView.swift */ = {isa = PBXFileReference; fileEncoding = 4; lastKnownFileType = sourcecode.swift; path = BlockWithActionView.swift; sourceTree = "<group>"; };
		05B77A5C2B2AFD9200D4C8EB /* SupportRequestBottomSheetContent.swift */ = {isa = PBXFileReference; fileEncoding = 4; lastKnownFileType = sourcecode.swift; path = SupportRequestBottomSheetContent.swift; sourceTree = "<group>"; };
		05B77A612B2AFF3D00D4C8EB /* CreateSupportRequestViewModel.swift */ = {isa = PBXFileReference; fileEncoding = 4; lastKnownFileType = sourcecode.swift; path = CreateSupportRequestViewModel.swift; sourceTree = "<group>"; };
		05B77A632B2AFFC600D4C8EB /* HiPrimaryButton.swift */ = {isa = PBXFileReference; fileEncoding = 4; lastKnownFileType = sourcecode.swift; path = HiPrimaryButton.swift; sourceTree = "<group>"; };
		05B77A652B2B003500D4C8EB /* CustomTextView.swift */ = {isa = PBXFileReference; fileEncoding = 4; lastKnownFileType = sourcecode.swift; path = CustomTextView.swift; sourceTree = "<group>"; };
/* End PBXFileReference section */

/* Begin PBXFrameworksBuildPhase section */
		05B779D82B2956EF00D4C8EB /* Frameworks */ = {
			isa = PBXFrameworksBuildPhase;
			buildActionMask = 2147483647;
			files = (
				05B77A4B2B2A9E5800D4C8EB /* Kingfisher in Frameworks */,
				05B77A3C2B29BD2300D4C8EB /* SwiftUIBackports in Frameworks */,
				05B77A392B29B7E300D4C8EB /* SwiftyJSON in Frameworks */,
			);
			runOnlyForDeploymentPostprocessing = 0;
		};
/* End PBXFrameworksBuildPhase section */

/* Begin PBXGroup section */
		0540F5A32B2C41E100E9A1D5 /* Screens */ = {
			isa = PBXGroup;
			children = (
				05B77A582B2AFD9200D4C8EB /* CreateSupportRequest */,
				0597324D2B2BF92200F79E25 /* RequestDetail */,
			);
			path = Screens;
			sourceTree = "<group>";
		};
		0597324D2B2BF92200F79E25 /* RequestDetail */ = {
			isa = PBXGroup;
			children = (
				0597324E2B2BF95900F79E25 /* RequestDetailScreen.swift */,
				0540F5A42B2C425100E9A1D5 /* RequestStatusTimeLineScreen.swift */,
				059732512B2BFC2B00F79E25 /* ViewModels */,
				059732502B2BFC2500F79E25 /* Views */,
			);
			path = RequestDetail;
			sourceTree = "<group>";
		};
		059732502B2BFC2500F79E25 /* Views */ = {
			isa = PBXGroup;
			children = (
				0540F59F2B2C034100E9A1D5 /* RequestProcessWithVLineView.swift */,
				0540F5A12B2C0D6000E9A1D5 /* RequestStatusView.swift */,
			);
			path = Views;
			sourceTree = "<group>";
		};
		059732512B2BFC2B00F79E25 /* ViewModels */ = {
			isa = PBXGroup;
			children = (
			);
			path = ViewModels;
			sourceTree = "<group>";
		};
		05B779D22B2956EF00D4C8EB = {
			isa = PBXGroup;
			children = (
				05B779DD2B2956EF00D4C8EB /* SwiftUISupportCenter */,
				05B779DC2B2956EF00D4C8EB /* Products */,
			);
			sourceTree = "<group>";
		};
		05B779DC2B2956EF00D4C8EB /* Products */ = {
			isa = PBXGroup;
			children = (
				05B779DB2B2956EF00D4C8EB /* SwiftUISupportCenter.app */,
			);
			name = Products;
			sourceTree = "<group>";
		};
		05B779DD2B2956EF00D4C8EB /* SwiftUISupportCenter */ = {
			isa = PBXGroup;
			children = (
				05B77A1C2B295D6A00D4C8EB /* Others */,
				05B77A0E2B295D3C00D4C8EB /* HiTheme */,
				05B77A232B296D7400D4C8EB /* Extension */,
				05B779F42B29588E00D4C8EB /* HiExtensions */,
				05B779F02B29575300D4C8EB /* Core */,
				05B779F32B29587700D4C8EB /* Models */,
				05B77A262B29921900D4C8EB /* Manager */,
				05B779F22B2957B800D4C8EB /* Info.plist */,
				05B779E22B2956F100D4C8EB /* Assets.xcassets */,
				05B779E42B2956F100D4C8EB /* Preview Content */,
			);
			path = SwiftUISupportCenter;
			sourceTree = "<group>";
		};
		05B779E42B2956F100D4C8EB /* Preview Content */ = {
			isa = PBXGroup;
			children = (
				05B779E52B2956F100D4C8EB /* Preview Assets.xcassets */,
			);
			path = "Preview Content";
			sourceTree = "<group>";
		};
		05B779F02B29575300D4C8EB /* Core */ = {
			isa = PBXGroup;
			children = (
				05B77A302B29AD8800D4C8EB /* Components */,
				05B77A652B2B003500D4C8EB /* CustomTextView.swift */,
				05B779FD2B295BF500D4C8EB /* SupportCenter */,
			);
			path = Core;
			sourceTree = "<group>";
		};
		05B779F32B29587700D4C8EB /* Models */ = {
			isa = PBXGroup;
			children = (
				05B77A1F2B296B4100D4C8EB /* SupportRequestList.swift */,
				05B77A3F2B29F3E300D4C8EB /* SupportRequestCategory.swift */,
				05B77A412B29F42700D4C8EB /* SupportExtension.swift */,
				05B77A4E2B2AA5AC00D4C8EB /* SupportQandAModel.swift */,
			);
			path = Models;
			sourceTree = "<group>";
		};
		05B779F42B29588E00D4C8EB /* HiExtensions */ = {
			isa = PBXGroup;
			children = (
				05B779F52B29590200D4C8EB /* HiAppExtension.swift */,
			);
			path = HiExtensions;
			sourceTree = "<group>";
		};
		05B779FD2B295BF500D4C8EB /* SupportCenter */ = {
			isa = PBXGroup;
			children = (
				05B779FB2B295BEB00D4C8EB /* SupportCenterScreen.swift */,
				0540F5A32B2C41E100E9A1D5 /* Screens */,
				05B779FF2B295C4500D4C8EB /* ViewModels */,
				05B779FE2B295C4000D4C8EB /* Views */,
			);
			path = SupportCenter;
			sourceTree = "<group>";
		};
		05B779FE2B295C4000D4C8EB /* Views */ = {
			isa = PBXGroup;
			children = (
				05B77A1D2B29628400D4C8EB /* CreateSupportRequestView.swift */,
				05B77A2E2B29958D00D4C8EB /* SupportRequestListView.swift */,
				05B77A352B29B20100D4C8EB /* SupportRequestItemView.swift */,
				05B77A3D2B29F2B300D4C8EB /* SupportExtensionsView.swift */,
				05B77A4C2B2AA4A500D4C8EB /* SupportQandAView.swift */,
				05B77A522B2ABCC600D4C8EB /* SupportQandAItemView.swift */,
				05B77A542B2AC1F700D4C8EB /* TextView.swift */,
			);
			path = Views;
			sourceTree = "<group>";
		};
		05B779FF2B295C4500D4C8EB /* ViewModels */ = {
			isa = PBXGroup;
			children = (
				05B77A562B2ADA5900D4C8EB /* QAndASupportItemViewModel.swift */,
				05B77A212B296BF700D4C8EB /* SupportCenterViewModel.swift */,
			);
			path = ViewModels;
			sourceTree = "<group>";
		};
		05B77A0E2B295D3C00D4C8EB /* HiTheme */ = {
			isa = PBXGroup;
			children = (
				05B77A102B295D3C00D4C8EB /* Navigation */,
				05B779F92B2959E500D4C8EB /* HiColor.swift */,
				05B77A632B2AFFC600D4C8EB /* HiPrimaryButton.swift */,
				05B77A0F2B295D3C00D4C8EB /* HiBottomSheet.swift */,
				05B77A152B295D3C00D4C8EB /* HiImage.swift */,
				05B77A332B29B1CB00D4C8EB /* HiDividerLine.swift */,
				051225B72B2EF80600FB1DEF /* HiAlert.swift */,
			);
			path = HiTheme;
			sourceTree = "<group>";
		};
		05B77A102B295D3C00D4C8EB /* Navigation */ = {
			isa = PBXGroup;
			children = (
				05B77A112B295D3C00D4C8EB /* HiNavigationLink.swift */,
				05B77A122B295D3C00D4C8EB /* HiNavBarPreferenceKeys.swift */,
				05B77A132B295D3C00D4C8EB /* HiNavigationView.swift */,
			);
			path = Navigation;
			sourceTree = "<group>";
		};
		05B77A1C2B295D6A00D4C8EB /* Others */ = {
			isa = PBXGroup;
			children = (
				05B779DE2B2956EF00D4C8EB /* SwiftUISupportCenterApp.swift */,
				05B779EC2B29575100D4C8EB /* AppDelegate.swift */,
				05B779ED2B29575100D4C8EB /* SceneDelegate.swift */,
			);
			path = Others;
			sourceTree = "<group>";
		};
		05B77A232B296D7400D4C8EB /* Extension */ = {
			isa = PBXGroup;
			children = (
				05B77A242B296FC600D4C8EB /* PreviewProvider.swift */,
			);
			path = Extension;
			sourceTree = "<group>";
		};
		05B77A262B29921900D4C8EB /* Manager */ = {
			isa = PBXGroup;
			children = (
				05B77A272B29922D00D4C8EB /* SampleData.swift */,
				05B77A292B29926500D4C8EB /* SupportCenterManager.swift */,
			);
			path = Manager;
			sourceTree = "<group>";
		};
		05B77A302B29AD8800D4C8EB /* Components */ = {
			isa = PBXGroup;
			children = (
				05B77A312B29AD9300D4C8EB /* BlockNavHeader.swift */,
				059732522B2BFE1E00F79E25 /* BlockTitle.swift */,
			);
			path = Components;
			sourceTree = "<group>";
		};
		05B77A582B2AFD9200D4C8EB /* CreateSupportRequest */ = {
			isa = PBXGroup;
			children = (
				05B77A592B2AFD9200D4C8EB /* CreateSupportRequestScreen.swift */,
				05B77A602B2AFF3400D4C8EB /* ViewModels */,
				05B77A5A2B2AFD9200D4C8EB /* Views */,
			);
			path = CreateSupportRequest;
			sourceTree = "<group>";
		};
		05B77A5A2B2AFD9200D4C8EB /* Views */ = {
			isa = PBXGroup;
			children = (
				05B77A5B2B2AFD9200D4C8EB /* BlockWithActionView.swift */,
				05B77A5C2B2AFD9200D4C8EB /* SupportRequestBottomSheetContent.swift */,
			);
			path = Views;
			sourceTree = "<group>";
		};
		05B77A602B2AFF3400D4C8EB /* ViewModels */ = {
			isa = PBXGroup;
			children = (
				05B77A612B2AFF3D00D4C8EB /* CreateSupportRequestViewModel.swift */,
			);
			path = ViewModels;
			sourceTree = "<group>";
		};
/* End PBXGroup section */

/* Begin PBXNativeTarget section */
		05B779DA2B2956EF00D4C8EB /* SwiftUISupportCenter */ = {
			isa = PBXNativeTarget;
			buildConfigurationList = 05B779E92B2956F100D4C8EB /* Build configuration list for PBXNativeTarget "SwiftUISupportCenter" */;
			buildPhases = (
				05B779D72B2956EF00D4C8EB /* Sources */,
				05B779D82B2956EF00D4C8EB /* Frameworks */,
				05B779D92B2956EF00D4C8EB /* Resources */,
			);
			buildRules = (
			);
			dependencies = (
			);
			name = SwiftUISupportCenter;
			packageProductDependencies = (
				05B77A382B29B7E300D4C8EB /* SwiftyJSON */,
				05B77A3B2B29BD2300D4C8EB /* SwiftUIBackports */,
				05B77A4A2B2A9E5800D4C8EB /* Kingfisher */,
			);
			productName = SwiftUISupportCenter;
			productReference = 05B779DB2B2956EF00D4C8EB /* SwiftUISupportCenter.app */;
			productType = "com.apple.product-type.application";
		};
/* End PBXNativeTarget section */

/* Begin PBXProject section */
		05B779D32B2956EF00D4C8EB /* Project object */ = {
			isa = PBXProject;
			attributes = {
				BuildIndependentTargetsInParallel = 1;
				LastSwiftUpdateCheck = 1500;
				LastUpgradeCheck = 1500;
				TargetAttributes = {
					05B779DA2B2956EF00D4C8EB = {
						CreatedOnToolsVersion = 15.0.1;
					};
				};
			};
			buildConfigurationList = 05B779D62B2956EF00D4C8EB /* Build configuration list for PBXProject "SwiftUISupportCenter" */;
			compatibilityVersion = "Xcode 14.0";
			developmentRegion = en;
			hasScannedForEncodings = 0;
			knownRegions = (
				en,
				Base,
			);
			mainGroup = 05B779D22B2956EF00D4C8EB;
			packageReferences = (
				05B77A372B29B7E300D4C8EB /* XCRemoteSwiftPackageReference "SwiftyJSON" */,
				05B77A3A2B29BD2300D4C8EB /* XCRemoteSwiftPackageReference "SwiftUIBackports" */,
				05B77A492B2A9E5800D4C8EB /* XCRemoteSwiftPackageReference "Kingfisher" */,
			);
			productRefGroup = 05B779DC2B2956EF00D4C8EB /* Products */;
			projectDirPath = "";
			projectRoot = "";
			targets = (
				05B779DA2B2956EF00D4C8EB /* SwiftUISupportCenter */,
			);
		};
/* End PBXProject section */

/* Begin PBXResourcesBuildPhase section */
		05B779D92B2956EF00D4C8EB /* Resources */ = {
			isa = PBXResourcesBuildPhase;
			buildActionMask = 2147483647;
			files = (
				05B779E62B2956F100D4C8EB /* Preview Assets.xcassets in Resources */,
				05B779E32B2956F100D4C8EB /* Assets.xcassets in Resources */,
			);
			runOnlyForDeploymentPostprocessing = 0;
		};
/* End PBXResourcesBuildPhase section */

/* Begin PBXSourcesBuildPhase section */
		05B779D72B2956EF00D4C8EB /* Sources */ = {
			isa = PBXSourcesBuildPhase;
			buildActionMask = 2147483647;
			files = (
				05B779FA2B2959E500D4C8EB /* HiColor.swift in Sources */,
				05B77A532B2ABCC600D4C8EB /* SupportQandAItemView.swift in Sources */,
				05B779EE2B29575100D4C8EB /* AppDelegate.swift in Sources */,
				05B77A202B296B4100D4C8EB /* SupportRequestList.swift in Sources */,
				05B77A2A2B29926500D4C8EB /* SupportCenterManager.swift in Sources */,
				05B779F62B29590200D4C8EB /* HiAppExtension.swift in Sources */,
				05B77A4F2B2AA5AC00D4C8EB /* SupportQandAModel.swift in Sources */,
				05B77A252B296FC600D4C8EB /* PreviewProvider.swift in Sources */,
				0540F5A52B2C425100E9A1D5 /* RequestStatusTimeLineScreen.swift in Sources */,
				0597324F2B2BF95900F79E25 /* RequestDetailScreen.swift in Sources */,
				059732532B2BFE1E00F79E25 /* BlockTitle.swift in Sources */,
				05B77A182B295D3C00D4C8EB /* HiNavBarPreferenceKeys.swift in Sources */,
				05B77A422B29F42700D4C8EB /* SupportExtension.swift in Sources */,
				05B77A222B296BF700D4C8EB /* SupportCenterViewModel.swift in Sources */,
				05B77A662B2B003600D4C8EB /* CustomTextView.swift in Sources */,
				05B77A322B29AD9300D4C8EB /* BlockNavHeader.swift in Sources */,
				05B77A282B29922D00D4C8EB /* SampleData.swift in Sources */,
				05B779DF2B2956EF00D4C8EB /* SwiftUISupportCenterApp.swift in Sources */,
				05B77A162B295D3C00D4C8EB /* HiBottomSheet.swift in Sources */,
				05B77A642B2AFFC600D4C8EB /* HiPrimaryButton.swift in Sources */,
				051225B82B2EF80600FB1DEF /* HiAlert.swift in Sources */,
				05B77A1E2B29628400D4C8EB /* CreateSupportRequestView.swift in Sources */,
				05B77A5F2B2AFD9200D4C8EB /* SupportRequestBottomSheetContent.swift in Sources */,
				05B77A622B2AFF3D00D4C8EB /* CreateSupportRequestViewModel.swift in Sources */,
				05B77A2F2B29958D00D4C8EB /* SupportRequestListView.swift in Sources */,
				05B77A552B2AC1F700D4C8EB /* TextView.swift in Sources */,
				05B77A342B29B1CB00D4C8EB /* HiDividerLine.swift in Sources */,
				0540F5A22B2C0D6000E9A1D5 /* RequestStatusView.swift in Sources */,
				05B779EF2B29575100D4C8EB /* SceneDelegate.swift in Sources */,
				05B77A3E2B29F2B300D4C8EB /* SupportExtensionsView.swift in Sources */,
				05B77A362B29B20100D4C8EB /* SupportRequestItemView.swift in Sources */,
				05B77A402B29F3E300D4C8EB /* SupportRequestCategory.swift in Sources */,
				05B77A172B295D3C00D4C8EB /* HiNavigationLink.swift in Sources */,
				05B77A1B2B295D3C00D4C8EB /* HiImage.swift in Sources */,
				05B77A4D2B2AA4A500D4C8EB /* SupportQandAView.swift in Sources */,
				05B77A572B2ADA5900D4C8EB /* QAndASupportItemViewModel.swift in Sources */,
				0540F5A02B2C034100E9A1D5 /* RequestProcessWithVLineView.swift in Sources */,
				05B77A5E2B2AFD9200D4C8EB /* BlockWithActionView.swift in Sources */,
				05B779FC2B295BEB00D4C8EB /* SupportCenterScreen.swift in Sources */,
				05B77A5D2B2AFD9200D4C8EB /* CreateSupportRequestScreen.swift in Sources */,
				05B77A192B295D3C00D4C8EB /* HiNavigationView.swift in Sources */,
			);
			runOnlyForDeploymentPostprocessing = 0;
		};
/* End PBXSourcesBuildPhase section */

/* Begin XCBuildConfiguration section */
		05B779E72B2956F100D4C8EB /* Debug */ = {
			isa = XCBuildConfiguration;
			buildSettings = {
				ALWAYS_SEARCH_USER_PATHS = NO;
				ASSETCATALOG_COMPILER_GENERATE_SWIFT_ASSET_SYMBOL_EXTENSIONS = YES;
				CLANG_ANALYZER_NONNULL = YES;
				CLANG_ANALYZER_NUMBER_OBJECT_CONVERSION = YES_AGGRESSIVE;
				CLANG_CXX_LANGUAGE_STANDARD = "gnu++20";
				CLANG_ENABLE_MODULES = YES;
				CLANG_ENABLE_OBJC_ARC = YES;
				CLANG_ENABLE_OBJC_WEAK = YES;
				CLANG_WARN_BLOCK_CAPTURE_AUTORELEASING = YES;
				CLANG_WARN_BOOL_CONVERSION = YES;
				CLANG_WARN_COMMA = YES;
				CLANG_WARN_CONSTANT_CONVERSION = YES;
				CLANG_WARN_DEPRECATED_OBJC_IMPLEMENTATIONS = YES;
				CLANG_WARN_DIRECT_OBJC_ISA_USAGE = YES_ERROR;
				CLANG_WARN_DOCUMENTATION_COMMENTS = YES;
				CLANG_WARN_EMPTY_BODY = YES;
				CLANG_WARN_ENUM_CONVERSION = YES;
				CLANG_WARN_INFINITE_RECURSION = YES;
				CLANG_WARN_INT_CONVERSION = YES;
				CLANG_WARN_NON_LITERAL_NULL_CONVERSION = YES;
				CLANG_WARN_OBJC_IMPLICIT_RETAIN_SELF = YES;
				CLANG_WARN_OBJC_LITERAL_CONVERSION = YES;
				CLANG_WARN_OBJC_ROOT_CLASS = YES_ERROR;
				CLANG_WARN_QUOTED_INCLUDE_IN_FRAMEWORK_HEADER = YES;
				CLANG_WARN_RANGE_LOOP_ANALYSIS = YES;
				CLANG_WARN_STRICT_PROTOTYPES = YES;
				CLANG_WARN_SUSPICIOUS_MOVE = YES;
				CLANG_WARN_UNGUARDED_AVAILABILITY = YES_AGGRESSIVE;
				CLANG_WARN_UNREACHABLE_CODE = YES;
				CLANG_WARN__DUPLICATE_METHOD_MATCH = YES;
				COPY_PHASE_STRIP = NO;
				DEBUG_INFORMATION_FORMAT = dwarf;
				ENABLE_STRICT_OBJC_MSGSEND = YES;
				ENABLE_TESTABILITY = YES;
				ENABLE_USER_SCRIPT_SANDBOXING = YES;
				GCC_C_LANGUAGE_STANDARD = gnu17;
				GCC_DYNAMIC_NO_PIC = NO;
				GCC_NO_COMMON_BLOCKS = YES;
				GCC_OPTIMIZATION_LEVEL = 0;
				GCC_PREPROCESSOR_DEFINITIONS = (
					"DEBUG=1",
					"$(inherited)",
				);
				GCC_WARN_64_TO_32_BIT_CONVERSION = YES;
				GCC_WARN_ABOUT_RETURN_TYPE = YES_ERROR;
				GCC_WARN_UNDECLARED_SELECTOR = YES;
				GCC_WARN_UNINITIALIZED_AUTOS = YES_AGGRESSIVE;
				GCC_WARN_UNUSED_FUNCTION = YES;
				GCC_WARN_UNUSED_VARIABLE = YES;
				IPHONEOS_DEPLOYMENT_TARGET = 13.0;
				LOCALIZATION_PREFERS_STRING_CATALOGS = YES;
				MTL_ENABLE_DEBUG_INFO = INCLUDE_SOURCE;
				MTL_FAST_MATH = YES;
				ONLY_ACTIVE_ARCH = YES;
				SDKROOT = iphoneos;
				SWIFT_ACTIVE_COMPILATION_CONDITIONS = "DEBUG $(inherited)";
				SWIFT_OPTIMIZATION_LEVEL = "-Onone";
			};
			name = Debug;
		};
		05B779E82B2956F100D4C8EB /* Release */ = {
			isa = XCBuildConfiguration;
			buildSettings = {
				ALWAYS_SEARCH_USER_PATHS = NO;
				ASSETCATALOG_COMPILER_GENERATE_SWIFT_ASSET_SYMBOL_EXTENSIONS = YES;
				CLANG_ANALYZER_NONNULL = YES;
				CLANG_ANALYZER_NUMBER_OBJECT_CONVERSION = YES_AGGRESSIVE;
				CLANG_CXX_LANGUAGE_STANDARD = "gnu++20";
				CLANG_ENABLE_MODULES = YES;
				CLANG_ENABLE_OBJC_ARC = YES;
				CLANG_ENABLE_OBJC_WEAK = YES;
				CLANG_WARN_BLOCK_CAPTURE_AUTORELEASING = YES;
				CLANG_WARN_BOOL_CONVERSION = YES;
				CLANG_WARN_COMMA = YES;
				CLANG_WARN_CONSTANT_CONVERSION = YES;
				CLANG_WARN_DEPRECATED_OBJC_IMPLEMENTATIONS = YES;
				CLANG_WARN_DIRECT_OBJC_ISA_USAGE = YES_ERROR;
				CLANG_WARN_DOCUMENTATION_COMMENTS = YES;
				CLANG_WARN_EMPTY_BODY = YES;
				CLANG_WARN_ENUM_CONVERSION = YES;
				CLANG_WARN_INFINITE_RECURSION = YES;
				CLANG_WARN_INT_CONVERSION = YES;
				CLANG_WARN_NON_LITERAL_NULL_CONVERSION = YES;
				CLANG_WARN_OBJC_IMPLICIT_RETAIN_SELF = YES;
				CLANG_WARN_OBJC_LITERAL_CONVERSION = YES;
				CLANG_WARN_OBJC_ROOT_CLASS = YES_ERROR;
				CLANG_WARN_QUOTED_INCLUDE_IN_FRAMEWORK_HEADER = YES;
				CLANG_WARN_RANGE_LOOP_ANALYSIS = YES;
				CLANG_WARN_STRICT_PROTOTYPES = YES;
				CLANG_WARN_SUSPICIOUS_MOVE = YES;
				CLANG_WARN_UNGUARDED_AVAILABILITY = YES_AGGRESSIVE;
				CLANG_WARN_UNREACHABLE_CODE = YES;
				CLANG_WARN__DUPLICATE_METHOD_MATCH = YES;
				COPY_PHASE_STRIP = NO;
				DEBUG_INFORMATION_FORMAT = "dwarf-with-dsym";
				ENABLE_NS_ASSERTIONS = NO;
				ENABLE_STRICT_OBJC_MSGSEND = YES;
				ENABLE_USER_SCRIPT_SANDBOXING = YES;
				GCC_C_LANGUAGE_STANDARD = gnu17;
				GCC_NO_COMMON_BLOCKS = YES;
				GCC_WARN_64_TO_32_BIT_CONVERSION = YES;
				GCC_WARN_ABOUT_RETURN_TYPE = YES_ERROR;
				GCC_WARN_UNDECLARED_SELECTOR = YES;
				GCC_WARN_UNINITIALIZED_AUTOS = YES_AGGRESSIVE;
				GCC_WARN_UNUSED_FUNCTION = YES;
				GCC_WARN_UNUSED_VARIABLE = YES;
				IPHONEOS_DEPLOYMENT_TARGET = 13.0;
				LOCALIZATION_PREFERS_STRING_CATALOGS = YES;
				MTL_ENABLE_DEBUG_INFO = NO;
				MTL_FAST_MATH = YES;
				SDKROOT = iphoneos;
				SWIFT_COMPILATION_MODE = wholemodule;
				VALIDATE_PRODUCT = YES;
			};
			name = Release;
		};
		05B779EA2B2956F100D4C8EB /* Debug */ = {
			isa = XCBuildConfiguration;
			buildSettings = {
				ASSETCATALOG_COMPILER_APPICON_NAME = AppIcon;
				ASSETCATALOG_COMPILER_GLOBAL_ACCENT_COLOR_NAME = AccentColor;
				CODE_SIGN_STYLE = Automatic;
				CURRENT_PROJECT_VERSION = 1;
				DEVELOPMENT_ASSET_PATHS = "\"SwiftUISupportCenter/Preview Content\"";
				DEVELOPMENT_TEAM = 29955KP3ZL;
				ENABLE_PREVIEWS = YES;
				GENERATE_INFOPLIST_FILE = YES;
				INFOPLIST_FILE = SwiftUISupportCenter/Info.plist;
				INFOPLIST_KEY_UIApplicationSupportsIndirectInputEvents = YES;
				INFOPLIST_KEY_UILaunchScreen_Generation = YES;
				INFOPLIST_KEY_UISupportedInterfaceOrientations = UIInterfaceOrientationPortrait;
				INFOPLIST_KEY_UISupportedInterfaceOrientations_iPad = "UIInterfaceOrientationLandscapeLeft UIInterfaceOrientationLandscapeRight UIInterfaceOrientationPortrait UIInterfaceOrientationPortraitUpsideDown";
				IPHONEOS_DEPLOYMENT_TARGET = 13.0;
				LD_RUNPATH_SEARCH_PATHS = (
					"$(inherited)",
					"@executable_path/Frameworks",
				);
				MARKETING_VERSION = 1.0;
				PRODUCT_BUNDLE_IDENTIFIER = com.k2tam.SwiftUISupportCenter;
				PRODUCT_NAME = "$(TARGET_NAME)";
				SUPPORTED_PLATFORMS = "iphoneos iphonesimulator";
				SUPPORTS_MACCATALYST = NO;
				SUPPORTS_MAC_DESIGNED_FOR_IPHONE_IPAD = NO;
				SWIFT_EMIT_LOC_STRINGS = YES;
				SWIFT_VERSION = 5.0;
				TARGETED_DEVICE_FAMILY = "1,2";
			};
			name = Debug;
		};
		05B779EB2B2956F100D4C8EB /* Release */ = {
			isa = XCBuildConfiguration;
			buildSettings = {
				ASSETCATALOG_COMPILER_APPICON_NAME = AppIcon;
				ASSETCATALOG_COMPILER_GLOBAL_ACCENT_COLOR_NAME = AccentColor;
				CODE_SIGN_STYLE = Automatic;
				CURRENT_PROJECT_VERSION = 1;
				DEVELOPMENT_ASSET_PATHS = "\"SwiftUISupportCenter/Preview Content\"";
				DEVELOPMENT_TEAM = 29955KP3ZL;
				ENABLE_PREVIEWS = YES;
				GENERATE_INFOPLIST_FILE = YES;
				INFOPLIST_FILE = SwiftUISupportCenter/Info.plist;
				INFOPLIST_KEY_UIApplicationSupportsIndirectInputEvents = YES;
				INFOPLIST_KEY_UILaunchScreen_Generation = YES;
				INFOPLIST_KEY_UISupportedInterfaceOrientations = UIInterfaceOrientationPortrait;
				INFOPLIST_KEY_UISupportedInterfaceOrientations_iPad = "UIInterfaceOrientationLandscapeLeft UIInterfaceOrientationLandscapeRight UIInterfaceOrientationPortrait UIInterfaceOrientationPortraitUpsideDown";
				IPHONEOS_DEPLOYMENT_TARGET = 13.0;
				LD_RUNPATH_SEARCH_PATHS = (
					"$(inherited)",
					"@executable_path/Frameworks",
				);
				MARKETING_VERSION = 1.0;
				PRODUCT_BUNDLE_IDENTIFIER = com.k2tam.SwiftUISupportCenter;
				PRODUCT_NAME = "$(TARGET_NAME)";
				SUPPORTED_PLATFORMS = "iphoneos iphonesimulator";
				SUPPORTS_MACCATALYST = NO;
				SUPPORTS_MAC_DESIGNED_FOR_IPHONE_IPAD = NO;
				SWIFT_EMIT_LOC_STRINGS = YES;
				SWIFT_VERSION = 5.0;
				TARGETED_DEVICE_FAMILY = "1,2";
			};
			name = Release;
		};
/* End XCBuildConfiguration section */

/* Begin XCConfigurationList section */
		05B779D62B2956EF00D4C8EB /* Build configuration list for PBXProject "SwiftUISupportCenter" */ = {
			isa = XCConfigurationList;
			buildConfigurations = (
				05B779E72B2956F100D4C8EB /* Debug */,
				05B779E82B2956F100D4C8EB /* Release */,
			);
			defaultConfigurationIsVisible = 0;
			defaultConfigurationName = Release;
		};
		05B779E92B2956F100D4C8EB /* Build configuration list for PBXNativeTarget "SwiftUISupportCenter" */ = {
			isa = XCConfigurationList;
			buildConfigurations = (
				05B779EA2B2956F100D4C8EB /* Debug */,
				05B779EB2B2956F100D4C8EB /* Release */,
			);
			defaultConfigurationIsVisible = 0;
			defaultConfigurationName = Release;
		};
/* End XCConfigurationList section */

/* Begin XCRemoteSwiftPackageReference section */
		05B77A372B29B7E300D4C8EB /* XCRemoteSwiftPackageReference "SwiftyJSON" */ = {
			isa = XCRemoteSwiftPackageReference;
			repositoryURL = "https://github.com/SwiftyJSON/SwiftyJSON.git";
			requirement = {
				kind = upToNextMajorVersion;
				minimumVersion = 5.0.1;
			};
		};
		05B77A3A2B29BD2300D4C8EB /* XCRemoteSwiftPackageReference "SwiftUIBackports" */ = {
			isa = XCRemoteSwiftPackageReference;
			repositoryURL = "https://github.com/shaps80/SwiftUIBackports.git";
			requirement = {
				kind = upToNextMajorVersion;
				minimumVersion = 2.8.0;
			};
		};
		05B77A492B2A9E5800D4C8EB /* XCRemoteSwiftPackageReference "Kingfisher" */ = {
			isa = XCRemoteSwiftPackageReference;
			repositoryURL = "https://github.com/onevcat/Kingfisher.git";
			requirement = {
				kind = upToNextMajorVersion;
				minimumVersion = 7.10.1;
			};
		};
/* End XCRemoteSwiftPackageReference section */

/* Begin XCSwiftPackageProductDependency section */
		05B77A382B29B7E300D4C8EB /* SwiftyJSON */ = {
			isa = XCSwiftPackageProductDependency;
			package = 05B77A372B29B7E300D4C8EB /* XCRemoteSwiftPackageReference "SwiftyJSON" */;
			productName = SwiftyJSON;
		};
		05B77A3B2B29BD2300D4C8EB /* SwiftUIBackports */ = {
			isa = XCSwiftPackageProductDependency;
			package = 05B77A3A2B29BD2300D4C8EB /* XCRemoteSwiftPackageReference "SwiftUIBackports" */;
			productName = SwiftUIBackports;
		};
		05B77A4A2B2A9E5800D4C8EB /* Kingfisher */ = {
			isa = XCSwiftPackageProductDependency;
			package = 05B77A492B2A9E5800D4C8EB /* XCRemoteSwiftPackageReference "Kingfisher" */;
			productName = Kingfisher;
		};
/* End XCSwiftPackageProductDependency section */
	};
	rootObject = 05B779D32B2956EF00D4C8EB /* Project object */;
}
